// !$*UTF8*$!
{
	archiveVersion = 1;
	classes = {
	};
	objectVersion = 56;
	objects = {

		0B1AC323FF234850999C8E98 = { isa = PBXFileReference; lastKnownFileType = sourcecode.swift; path = SkillPassIOSApp.swift; sourceTree = "<group>"; };

		4957693FC66D4A4B8295356B = { isa = PBXBuildFile; fileRef = 0B1AC323FF234850999C8E98 /* SkillPassIOSApp.swift */; };

		86C78784C5114173A43511A4 = { isa = PBXFileReference; lastKnownFileType = sourcecode.swift; path = ContentView.swift; sourceTree = "<group>"; };

		2B963E4DF69647D6AD2E32A0 = { isa = PBXBuildFile; fileRef = 86C78784C5114173A43511A4 /* ContentView.swift */; };

		E4DAA23D7A8C477C86F5E8DC = { isa = PBXFileReference; lastKnownFileType = sourcecode.swift; path = WebView.swift; sourceTree = "<group>"; };

		B9BD06BF357B4EDFA6434354 = { isa = PBXBuildFile; fileRef = E4DAA23D7A8C477C86F5E8DC /* WebView.swift */; };

		2D25449359FA491D8A255A24 = { isa = PBXFileReference; lastKnownFileType = sourcecode.swift; path = LocalWebSchemeHandler.swift; sourceTree = "<group>"; };

		32BD2337A5DE4BE48A0755BD = { isa = PBXBuildFile; fileRef = 2D25449359FA491D8A255A24 /* LocalWebSchemeHandler.swift */; };

		E412E4362A2A4EAD928CE6A5 = { isa = PBXFileReference; lastKnownFileType = text.plist.xml; path = Info.plist; sourceTree = "<group>"; };

		53AFAA39457B4175A4A1E5F2 = { isa = PBXFileReference; lastKnownFileType = folder; path = WebContent; sourceTree = "<group>"; };

		42EFF5ABFCDA45C4B807CD1C = { isa = PBXBuildFile; fileRef = 53AFAA39457B4175A4A1E5F2 /* WebContent */; };

		A7B028A6BD0B4CC79AC5E773 = { isa = PBXFileReference; explicitFileType = wrapper.application; includeInIndex = 0; path = SkillPassIOS.app; sourceTree = BUILT_PRODUCTS_DIR; };

		AA107120D6F6462FBCE60B31 = { isa = PBXGroup; children = (
                0B1AC323FF234850999C8E98 /* SkillPassIOSApp.swift */,
                86C78784C5114173A43511A4 /* ContentView.swift */,
                E4DAA23D7A8C477C86F5E8DC /* WebView.swift */,
                2D25449359FA491D8A255A24 /* LocalWebSchemeHandler.swift */,
                E412E4362A2A4EAD928CE6A5 /* Info.plist */,
                53AFAA39457B4175A4A1E5F2 /* WebContent */,
            ); path = SkillPassIOS; sourceTree = "<group>"; };

		2B10B8967B9F487D829BBE43 = { isa = PBXGroup; children = (
                A7B028A6BD0B4CC79AC5E773 /* SkillPassIOS.app */,
            ); name = Products; sourceTree = "<group>"; };

		9AAD7BDB293048999F6E3531 = { isa = PBXGroup; children = (
                AA107120D6F6462FBCE60B31 /* SkillPassIOS */,
                2B10B8967B9F487D829BBE43 /* Products */,
            ); sourceTree = "<group>"; };

		AE79A8092B9748F9A9E513D7 = { isa = PBXSourcesBuildPhase; buildActionMask = 2147483647; files = (
                4957693FC66D4A4B8295356B /* SkillPassIOSApp.swift in Sources */,
                2B963E4DF69647D6AD2E32A0 /* ContentView.swift in Sources */,
                B9BD06BF357B4EDFA6434354 /* WebView.swift in Sources */,
                32BD2337A5DE4BE48A0755BD /* LocalWebSchemeHandler.swift in Sources */,
            ); runOnlyForDeploymentPostprocessing = 0; };

		7B0543F2B97C4359AE74AE16 = { isa = PBXResourcesBuildPhase; buildActionMask = 2147483647; files = (
                42EFF5ABFCDA45C4B807CD1C /* WebContent in Resources */,
            ); runOnlyForDeploymentPostprocessing = 0; };

		F98FE6DCFBC64653B9C35357 = { isa = XCBuildConfiguration; buildSettings = {
                ALWAYS_SEARCH_USER_PATHS = NO;
                CLANG_ANALYZER_NONNULL = YES;
                CLANG_ANALYZER_NUMBER_OBJECT_CONVERSION = YES_AGGRESSIVE;
                CLANG_CXX_LANGUAGE_STANDARD = "gnu++20";
                CLANG_ENABLE_MODULES = YES;
                CLANG_ENABLE_OBJC_ARC = YES;
                CLANG_ENABLE_OBJC_WEAK = YES;
                CLANG_WARN_BLOCK_CAPTURE_AUTORELEASING = YES;
                CLANG_WARN_BOOL_CONVERSION = YES;
                CLANG_WARN_COMMA = YES;
                CLANG_WARN_CONSTANT_CONVERSION = YES;
                CLANG_WARN_DEPRECATED_OBJC_IMPLEMENTATIONS = YES;
                CLANG_WARN_DIRECT_OBJC_ISA_USAGE = YES_ERROR;
                CLANG_WARN_DOCUMENTATION_COMMENTS = YES;
                CLANG_WARN_EMPTY_BODY = YES;
                CLANG_WARN_ENUM_CONVERSION = YES;
                CLANG_WARN_INFINITE_RECURSION = YES;
                CLANG_WARN_INT_CONVERSION = YES;
                CLANG_WARN_NON_LITERAL_NULL_CONVERSION = YES;
                CLANG_WARN_OBJC_IMPLICIT_RETAIN_SELF = YES;
                CLANG_WARN_OBJC_LITERAL_CONVERSION = YES;
                CLANG_WARN_OBJC_ROOT_CLASS = YES_ERROR;
                CLANG_WARN_QUOTED_INCLUDE_IN_FRAMEWORK_HEADER = YES;
                CLANG_WARN_RANGE_LOOP_ANALYSIS = YES;
                CLANG_WARN_STRICT_PROTOTYPES = YES;
                CLANG_WARN_SUSPICIOUS_MOVE = YES;
                CLANG_WARN_UNGUARDED_AVAILABILITY = YES_AGGRESSIVE;
                CLANG_WARN_UNREACHABLE_CODE = YES;
                CLANG_WARN__DUPLICATE_METHOD_MATCH = YES;
                COPY_PHASE_STRIP = NO;
                DEBUG_INFORMATION_FORMAT = dwarf;
                ENABLE_STRICT_OBJC_MSGSEND = YES;
                ENABLE_TESTABILITY = YES;
                ENABLE_USER_SCRIPT_SANDBOXING = YES;
                GCC_C_LANGUAGE_STANDARD = gnu17;
                GCC_DYNAMIC_NO_PIC = NO;
                GCC_NO_COMMON_BLOCKS = YES;
                GCC_OPTIMIZATION_LEVEL = 0;
                GCC_PREPROCESSOR_DEFINITIONS = (
                    "DEBUG=1",
                    "$(inherited)",
                );
                GCC_WARN_64_TO_32_BIT_CONVERSION = YES;
                GCC_WARN_ABOUT_RETURN_TYPE = YES_ERROR;
                GCC_WARN_UNDECLARED_SELECTOR = YES;
                GCC_WARN_UNINITIALIZED_AUTOS = YES_AGGRESSIVE;
                GCC_WARN_UNUSED_FUNCTION = YES;
                GCC_WARN_UNUSED_VARIABLE = YES;
                IPHONEOS_DEPLOYMENT_TARGET = 15.0;
                LOCALIZATION_PREFERS_STRING_CATALOGS = YES;
                MTL_ENABLE_DEBUG_INFO = INCLUDE_SOURCE;
                MTL_FAST_MATH = YES;
                ONLY_ACTIVE_ARCH = YES;
                SDKROOT = iphoneos;
                SWIFT_ACTIVE_COMPILATION_CONDITIONS = DEBUG;
                SWIFT_OPTIMIZATION_LEVEL = "-Onone";
            }; name = Debug; };

		4887835BB272480A92BEFEC4 = { isa = XCBuildConfiguration; buildSettings = {
                ALWAYS_SEARCH_USER_PATHS = NO;
                CLANG_ANALYZER_NONNULL = YES;
                CLANG_ANALYZER_NUMBER_OBJECT_CONVERSION = YES_AGGRESSIVE;
                CLANG_CXX_LANGUAGE_STANDARD = "gnu++20";
                CLANG_ENABLE_MODULES = YES;
                CLANG_ENABLE_OBJC_ARC = YES;
                CLANG_ENABLE_OBJC_WEAK = YES;
                CLANG_WARN_BLOCK_CAPTURE_AUTORELEASING = YES;
                CLANG_WARN_BOOL_CONVERSION = YES;
                CLANG_WARN_COMMA = YES;
                CLANG_WARN_CONSTANT_CONVERSION = YES;
                CLANG_WARN_DEPRECATED_OBJC_IMPLEMENTATIONS = YES;
                CLANG_WARN_DIRECT_OBJC_ISA_USAGE = YES_ERROR;
                CLANG_WARN_DOCUMENTATION_COMMENTS = YES;
                CLANG_WARN_EMPTY_BODY = YES;
                CLANG_WARN_ENUM_CONVERSION = YES;
                CLANG_WARN_INFINITE_RECURSION = YES;
                CLANG_WARN_INT_CONVERSION = YES;
                CLANG_WARN_NON_LITERAL_NULL_CONVERSION = YES;
                CLANG_WARN_OBJC_IMPLICIT_RETAIN_SELF = YES;
                CLANG_WARN_OBJC_LITERAL_CONVERSION = YES;
                CLANG_WARN_OBJC_ROOT_CLASS = YES_ERROR;
                CLANG_WARN_QUOTED_INCLUDE_IN_FRAMEWORK_HEADER = YES;
                CLANG_WARN_RANGE_LOOP_ANALYSIS = YES;
                CLANG_WARN_STRICT_PROTOTYPES = YES;
                CLANG_WARN_SUSPICIOUS_MOVE = YES;
                CLANG_WARN_UNGUARDED_AVAILABILITY = YES_AGGRESSIVE;
                CLANG_WARN_UNREACHABLE_CODE = YES;
                CLANG_WARN__DUPLICATE_METHOD_MATCH = YES;
                COPY_PHASE_STRIP = NO;
                DEBUG_INFORMATION_FORMAT = "dwarf-with-dsym";
                ENABLE_STRICT_OBJC_MSGSEND = YES;
                ENABLE_TESTABILITY = NO;
                ENABLE_USER_SCRIPT_SANDBOXING = YES;
                GCC_C_LANGUAGE_STANDARD = gnu17;
                GCC_DYNAMIC_NO_PIC = NO;
                GCC_NO_COMMON_BLOCKS = YES;
                
                GCC_PREPROCESSOR_DEFINITIONS = (
                    "DEBUG=1",
                    "$(inherited)",
                );
                GCC_WARN_64_TO_32_BIT_CONVERSION = YES;
                GCC_WARN_ABOUT_RETURN_TYPE = YES_ERROR;
                GCC_WARN_UNDECLARED_SELECTOR = YES;
                GCC_WARN_UNINITIALIZED_AUTOS = YES_AGGRESSIVE;
                GCC_WARN_UNUSED_FUNCTION = YES;
                GCC_WARN_UNUSED_VARIABLE = YES;
                IPHONEOS_DEPLOYMENT_TARGET = 15.0;
                LOCALIZATION_PREFERS_STRING_CATALOGS = YES;
                MTL_ENABLE_DEBUG_INFO = INCLUDE_SOURCE;
                MTL_FAST_MATH = YES;
                
                SDKROOT = iphoneos;
                
                SWIFT_COMPILATION_MODE = wholemodule;
                SWIFT_OPTIMIZATION_LEVEL = "-O";
            }; name = Release; };

		707F4971D1CC485E86F9EB2D = { isa = XCBuildConfiguration; buildSettings = {
                ASSETCATALOG_COMPILER_GENERATE_SWIFT_ASSET_SYMBOL_EXTENSIONS = YES;
                CODE_SIGN_STYLE = Automatic;
                CURRENT_PROJECT_VERSION = 1;
                DEVELOPMENT_ASSET_PATHS = "";
                DEVELOPMENT_TEAM = "";
                ENABLE_PREVIEWS = YES;
                GENERATE_INFOPLIST_FILE = NO;
                INFOPLIST_FILE = SkillPassIOS/Info.plist;
                INFOPLIST_KEY_CFBundleDisplayName = SkillPass;
                IPHONEOS_DEPLOYMENT_TARGET = 15.0;
                LD_RUNPATH_SEARCH_PATHS = (
                    "$(inherited)",
                    "@executable_path/Frameworks",
                );
                MARKETING_VERSION = 1.0;
                PRODUCT_BUNDLE_IDENTIFIER = com.example.skillpassios;
                PRODUCT_NAME = "$(TARGET_NAME)";
                SUPPORTED_PLATFORMS = "iphoneos iphonesimulator";
                SUPPORTS_MACCATALYST = NO;
                SUPPORTS_MAC_DESIGNED_FOR_IPHONE_IPAD = NO;
                SWIFT_EMIT_LOC_STRINGS = YES;
                SWIFT_VERSION = 5.0;
                TARGETED_DEVICE_FAMILY = "1,2";
            }; name = Debug; };

		04DB91E11FEA46ED860AD69D = { isa = XCBuildConfiguration; buildSettings = {
                ASSETCATALOG_COMPILER_GENERATE_SWIFT_ASSET_SYMBOL_EXTENSIONS = YES;
                CODE_SIGN_STYLE = Automatic;
                CURRENT_PROJECT_VERSION = 1;
                DEVELOPMENT_ASSET_PATHS = "";
                DEVELOPMENT_TEAM = "";
                ENABLE_PREVIEWS = YES;
                GENERATE_INFOPLIST_FILE = NO;
                INFOPLIST_FILE = SkillPassIOS/Info.plist;
                INFOPLIST_KEY_CFBundleDisplayName = SkillPass;
                IPHONEOS_DEPLOYMENT_TARGET = 15.0;
                LD_RUNPATH_SEARCH_PATHS = (
                    "$(inherited)",
                    "@executable_path/Frameworks",
                );
                MARKETING_VERSION = 1.0;
                PRODUCT_BUNDLE_IDENTIFIER = com.example.skillpassios;
                PRODUCT_NAME = "$(TARGET_NAME)";
                SUPPORTED_PLATFORMS = "iphoneos iphonesimulator";
                SUPPORTS_MACCATALYST = NO;
                SUPPORTS_MAC_DESIGNED_FOR_IPHONE_IPAD = NO;
                SWIFT_EMIT_LOC_STRINGS = YES;
                SWIFT_VERSION = 5.0;
                TARGETED_DEVICE_FAMILY = "1,2";
            }; name = Release; };

		CDFD8EA393924366833D367F = { isa = XCConfigurationList; buildConfigurations = (
                F98FE6DCFBC64653B9C35357 /* Debug */,
                4887835BB272480A92BEFEC4 /* Release */,
            ); defaultConfigurationIsVisible = 0; defaultConfigurationName = Release; };

		69064FE8A04F4813A959AA32 = { isa = XCConfigurationList; buildConfigurations = (
                707F4971D1CC485E86F9EB2D /* Debug */,
                04DB91E11FEA46ED860AD69D /* Release */,
            ); defaultConfigurationIsVisible = 0; defaultConfigurationName = Release; };

		0B018C2E25DB45B7B25DFBA0 = { isa = PBXNativeTarget; buildConfigurationList = 69064FE8A04F4813A959AA32 /* Build configuration list for PBXNativeTarget "SkillPassIOS" */; buildPhases = (
                AE79A8092B9748F9A9E513D7 /* Sources */,
                7B0543F2B97C4359AE74AE16 /* Resources */,
            ); buildRules = (
            ); dependencies = (
            ); name = SkillPassIOS; productName = SkillPassIOS; productReference = A7B028A6BD0B4CC79AC5E773 /* SkillPassIOS.app */; productType = "com.apple.product-type.application"; };

		C9790330E13745A49FAE4C03 = { isa = PBXProject; attributes = {
                BuildIndependentTargetsInParallel = 1;
                LastSwiftUpdateCheck = 1540;
                LastUpgradeCheck = 1540;
                TargetAttributes = {
                    0B018C2E25DB45B7B25DFBA0 = {
                        CreatedOnToolsVersion = 15.4;
                    };
                };
            }; buildConfigurationList = CDFD8EA393924366833D367F /* Build configuration list for PBXProject "SkillPassIOS" */; compatibilityVersion = "Xcode 14.0"; developmentRegion = en; hasScannedForEncodings = 0; knownRegions = (
                en,
                Base,
            ); mainGroup = 9AAD7BDB293048999F6E3531; productRefGroup = 2B10B8967B9F487D829BBE43 /* Products */; projectDirPath = ""; projectRoot = ""; targets = (
                0B018C2E25DB45B7B25DFBA0 /* SkillPassIOS */,
            ); };

	};
	rootObject = C9790330E13745A49FAE4C03 /* Project object */;
}
